
Microsoft Visual Studio Solution File, Format Version 12.00
# Visual Studio 15
VisualStudioVersion = 15.0.26430.13
MinimumVisualStudioVersion = 10.0.40219.1
Project("{FAE04EC0-301F-11D3-BF4B-00C04F79EFBC}") = "TroubleshootingWizard", "TroubleshootingWizard\TroubleshootingWizard.csproj", "{FAFA0D38-DB98-4495-BC17-1BA60AAE6046}"
EndProject
Project("{FAE04EC0-301F-11D3-BF4B-00C04F79EFBC}") = "AeroWizard", "AeroWizard\AeroWizard.csproj", "{199C12C4-3EEF-4D08-BAC3-F2A62BCF969C}"
EndProject
Project("{FAE04EC0-301F-11D3-BF4B-00C04F79EFBC}") = "Wizard", "Wizard\Wizard.csproj", "{7FC9BAAD-EE6C-462E-8D59-658B9BF8744E}"
EndProject
Project("{FAE04EC0-301F-11D3-BF4B-00C04F79EFBC}") = "TestScenarios", "TestScenarios\TestScenarios.csproj", "{3F5B6B1A-1450-4D18-BD24-95E949FEF168}"
EndProject
Global
	GlobalSection(SolutionConfigurationPlatforms) = preSolution
		Debug|Any CPU = Debug|Any CPU
		Release|Any CPU = Release|Any CPU
	EndGlobalSection
	GlobalSection(ProjectConfigurationPlatforms) = postSolution
		{FAFA0D38-DB98-4495-BC17-1BA60AAE6046}.Debug|Any CPU.ActiveCfg = Debug|Any CPU
		{FAFA0D38-DB98-4495-BC17-1BA60AAE6046}.Debug|Any CPU.Build.0 = Debug|Any CPU
		{FAFA0D38-DB98-4495-BC17-1BA60AAE6046}.Release|Any CPU.ActiveCfg = Release|Any CPU
		{FAFA0D38-DB98-4495-BC17-1BA60AAE6046}.Release|Any CPU.Build.0 = Release|Any CPU
		{199C12C4-3EEF-4D08-BAC3-F2A62BCF969C}.Debug|Any CPU.ActiveCfg = Debug|Any CPU
		{199C12C4-3EEF-4D08-BAC3-F2A62BCF969C}.Debug|Any CPU.Build.0 = Debug|Any CPU
		{199C12C4-3EEF-4D08-BAC3-F2A62BCF969C}.Release|Any CPU.ActiveCfg = Release|Any CPU
		{199C12C4-3EEF-4D08-BAC3-F2A62BCF969C}.Release|Any CPU.Build.0 = Release|Any CPU
		{7FC9BAAD-EE6C-462E-8D59-658B9BF8744E}.Debug|Any CPU.ActiveCfg = Debug|Any CPU
		{7FC9BAAD-EE6C-462E-8D59-658B9BF8744E}.Debug|Any CPU.Build.0 = Debug|Any CPU
		{7FC9BAAD-EE6C-462E-8D59-658B9BF8744E}.Release|Any CPU.ActiveCfg = Release|Any CPU
		{7FC9BAAD-EE6C-462E-8D59-658B9BF8744E}.Release|Any CPU.Build.0 = Release|Any CPU
		{3F5B6B1A-1450-4D18-BD24-95E949FEF168}.Debug|Any CPU.ActiveCfg = Debug|Any CPU
		{3F5B6B1A-1450-4D18-BD24-95E949FEF168}.Debug|Any CPU.Build.0 = Debug|Any CPU
		{3F5B6B1A-1450-4D18-BD24-95E949FEF168}.Release|Any CPU.ActiveCfg = Release|Any CPU
		{3F5B6B1A-1450-4D18-BD24-95E949FEF168}.Release|Any CPU.Build.0 = Release|Any CPU
	EndGlobalSection
	GlobalSection(SolutionProperties) = preSolution
		HideSolutionNode = FALSE
	EndGlobalSection
EndGlobal
